
Microsoft Visual Studio Solution File, Format Version 12.00
# Visual Studio Version 17
VisualStudioVersion = 17.5.002.0
MinimumVisualStudioVersion = 10.0.40219.1
Project("{9A19103F-16F7-4668-BE54-9A1E7A4F7556}") = "Engine", "Engine.csproj", "{076F7F61-81A2-489E-BAF4-D19170B9578D}"
EndProject
Global
	GlobalSection(SolutionConfigurationPlatforms) = preSolution
		Debug|Any CPU = Debug|Any CPU
		Release|Any CPU = Release|Any CPU
	EndGlobalSection
	GlobalSection(ProjectConfigurationPlatforms) = postSolution
		{076F7F61-81A2-489E-BAF4-D19170B9578D}.Debug|Any CPU.ActiveCfg = Debug|Any CPU
		{076F7F61-81A2-489E-BAF4-D19170B9578D}.Debug|Any CPU.Build.0 = Debug|Any CPU
		{076F7F61-81A2-489E-BAF4-D19170B9578D}.Release|Any CPU.ActiveCfg = Release|Any CPU
		{076F7F61-81A2-489E-BAF4-D19170B9578D}.Release|Any CPU.Build.0 = Release|Any CPU
	EndGlobalSection
	GlobalSection(SolutionProperties) = preSolution
		HideSolutionNode = FALSE
	EndGlobalSection
	GlobalSection(ExtensibilityGlobals) = postSolution
		SolutionGuid = {FB50EF84-E981-470E-B513-E8CB21C26194}
	EndGlobalSection
EndGlobal
